<?xml version="1.0" encoding="UTF-8" standalone="yes" ?>
<CodeBlocks_project_file>
	<FileVersion major="1" minor="6" />
	<Project>
		<Option title="parkinglot" />
		<Option pch_mode="2" />
		<Option compiler="gcc" />
		<Build>
			<Target title="Debug">
				<Option output="bin/Debug/parkinglot" prefix_auto="1" extension_auto="1" />
				<Option object_output="obj/Debug/" />
				<Option type="1" />
				<Option compiler="gcc" />
				<Compiler>
					<Add option="-g" />
					<Add directory="include" />
				</Compiler>
			</Target>
			<Target title="Release">
				<Option output="bin/Release/parkinglot" prefix_auto="1" extension_auto="1" />
				<Option object_output="obj/Release/" />
				<Option type="1" />
				<Option compiler="gcc" />
				<Compiler>
					<Add option="-O2" />
					<Add directory="include" />
				</Compiler>
				<Linker>
					<Add option="-s" />
				</Linker>
			</Target>
		</Build>
		<Compiler>
			<Add option="-Wall" />
			<Add option="-fexceptions" />
		</Compiler>
		<Unit filename="include/Car.hpp" />
		<Unit filename="include/CarArrivalDistributionFactory.hpp" />
		<Unit filename="include/CarDepartureDistributionFactory.hpp" />
		<Unit filename="include/CarModel.hpp" />
		<Unit filename="include/CarResidencyDistributionModel.hpp" />
		<Unit filename="include/Configuration.hpp" />
		<Unit filename="include/DistributionType.enum" />
		<Unit filename="include/Job.hpp" />
		<Unit filename="include/JobArrivalDistributionFactory.hpp" />
		<Unit filename="include/JobDistributionModel.hpp" />
		<Unit filename="include/JobLengthDistributionFactory.hpp" />
		<Unit filename="include/JobModel.hpp" />
		<Unit filename="include/JobVMSizeDistributionFactory.hpp" />
		<Unit filename="include/Logger.hpp" />
		<Unit filename="include/MigrationJob.hpp" />
		<Unit filename="include/NetworkModel.hpp" />
		<Unit filename="include/Random.hpp" />
		<Unit filename="include/StatisticsModel.hpp" />
		<Unit filename="include/TimeModel.hpp" />
		<Unit filename="include/spot_location.hpp" />
		<Unit filename="main.cpp" />
		<Unit filename="src/Car.cpp" />
		<Unit filename="src/CarArrivalDistributionFactory.cpp" />
		<Unit filename="src/CarDepartureDistributionFactory.cpp" />
		<Unit filename="src/CarModel.cpp" />
		<Unit filename="src/CarResidencyDistributionModel.cpp" />
		<Unit filename="src/Configuration.cpp" />
		<Unit filename="src/Job.cpp" />
		<Unit filename="src/JobArrivalDistributionFactory.cpp" />
		<Unit filename="src/JobDistributionModel.cpp" />
		<Unit filename="src/JobLengthDistributionFactory.cpp" />
		<Unit filename="src/JobModel.cpp" />
		<Unit filename="src/JobVMSizeDistributionFactory.cpp" />
		<Unit filename="src/Logger.cpp" />
		<Unit filename="src/MigrationJob.cpp" />
		<Unit filename="src/NetworkModel.cpp" />
		<Unit filename="src/Random.cpp" />
		<Unit filename="src/StatisticsModel.cpp" />
		<Unit filename="src/TimeModel.cpp" />
		<Unit filename="src/spot_location.cpp" />
		<Extensions>
			<code_completion />
			<envvars />
			<debugger />
			<lib_finder disable_auto="1" />
		</Extensions>
	</Project>
</CodeBlocks_project_file>
